// !$*UTF8*$!
{
	archiveVersion = 1;
	classes = {
	};
	objectVersion = 56;
	objects = {

/* Begin PBXBuildFile section */
		AF7F7DA728EB79B300E9C649 /* AppDelegate.m in Sources */ = {isa = PBXBuildFile; fileRef = AF7F7DA628EB79B300E9C649 /* AppDelegate.m */; };
		AF7F7DAA28EB79B300E9C649 /* SceneDelegate.m in Sources */ = {isa = PBXBuildFile; fileRef = AF7F7DA928EB79B300E9C649 /* SceneDelegate.m */; };
		AF7F7DAD28EB79B300E9C649 /* ViewController.m in Sources */ = {isa = PBXBuildFile; fileRef = AF7F7DAC28EB79B300E9C649 /* ViewController.m */; };
		AF7F7DB028EB79B300E9C649 /* Main.storyboard in Resources */ = {isa = PBXBuildFile; fileRef = AF7F7DAE28EB79B300E9C649 /* Main.storyboard */; };
		AF7F7DB228EB79B700E9C649 /* Assets.xcassets in Resources */ = {isa = PBXBuildFile; fileRef = AF7F7DB128EB79B700E9C649 /* Assets.xcassets */; };
		AF7F7DB528EB79B700E9C649 /* LaunchScreen.storyboard in Resources */ = {isa = PBXBuildFile; fileRef = AF7F7DB328EB79B700E9C649 /* LaunchScreen.storyboard */; };
		AF7F7DB828EB79B700E9C649 /* main.m in Sources */ = {isa = PBXBuildFile; fileRef = AF7F7DB728EB79B700E9C649 /* main.m */; };
/* End PBXBuildFile section */

/* Begin PBXFileReference section */
		AA44F4FD2ACDF9BF0098F50F /* CallkitDemo.entitlements */ = {isa = PBXFileReference; lastKnownFileType = text.plist.entitlements; path = CallkitDemo.entitlements; sourceTree = "<group>"; };
		AF7F7DA228EB79B300E9C649 /* CallkitDemo.app */ = {isa = PBXFileReference; explicitFileType = wrapper.application; includeInIndex = 0; path = CallkitDemo.app; sourceTree = BUILT_PRODUCTS_DIR; };
		AF7F7DA528EB79B300E9C649 /* AppDelegate.h */ = {isa = PBXFileReference; lastKnownFileType = sourcecode.c.h; path = AppDelegate.h; sourceTree = "<group>"; };
		AF7F7DA628EB79B300E9C649 /* AppDelegate.m */ = {isa = PBXFileReference; lastKnownFileType = sourcecode.c.objc; path = AppDelegate.m; sourceTree = "<group>"; };
		AF7F7DA828EB79B300E9C649 /* SceneDelegate.h */ = {isa = PBXFileReference; lastKnownFileType = sourcecode.c.h; path = SceneDelegate.h; sourceTree = "<group>"; };
		AF7F7DA928EB79B300E9C649 /* SceneDelegate.m */ = {isa = PBXFileReference; lastKnownFileType = sourcecode.c.objc; path = SceneDelegate.m; sourceTree = "<group>"; };
		AF7F7DAB28EB79B300E9C649 /* ViewController.h */ = {isa = PBXFileReference; lastKnownFileType = sourcecode.c.h; path = ViewController.h; sourceTree = "<group>"; };
		AF7F7DAC28EB79B300E9C649 /* ViewController.m */ = {isa = PBXFileReference; lastKnownFileType = sourcecode.c.objc; path = ViewController.m; sourceTree = "<group>"; };
		AF7F7DAF28EB79B300E9C649 /* Base */ = {isa = PBXFileReference; lastKnownFileType = file.storyboard; name = Base; path = Base.lproj/Main.storyboard; sourceTree = "<group>"; };
		AF7F7DB128EB79B700E9C649 /* Assets.xcassets */ = {isa = PBXFileReference; lastKnownFileType = folder.assetcatalog; path = Assets.xcassets; sourceTree = "<group>"; };
		AF7F7DB428EB79B700E9C649 /* Base */ = {isa = PBXFileReference; lastKnownFileType = file.storyboard; name = Base; path = Base.lproj/LaunchScreen.storyboard; sourceTree = "<group>"; };
		AF7F7DB628EB79B700E9C649 /* Info.plist */ = {isa = PBXFileReference; lastKnownFileType = text.plist.xml; path = Info.plist; sourceTree = "<group>"; };
		AF7F7DB728EB79B700E9C649 /* main.m */ = {isa = PBXFileReference; lastKnownFileType = sourcecode.c.objc; path = main.m; sourceTree = "<group>"; };
/* End PBXFileReference section */

/* Begin PBXFrameworksBuildPhase section */
		AF7F7D9F28EB79B300E9C649 /* Frameworks */ = {
			isa = PBXFrameworksBuildPhase;
			buildActionMask = 2147483647;
			files = (
			);
			runOnlyForDeploymentPostprocessing = 0;
		};
/* End PBXFrameworksBuildPhase section */

/* Begin PBXGroup section */
		AF7F7D9928EB79B300E9C649 = {
			isa = PBXGroup;
			children = (
				AF7F7DA428EB79B300E9C649 /* CallkitDemo */,
				AF7F7DA328EB79B300E9C649 /* Products */,
			);
			sourceTree = "<group>";
		};
		AF7F7DA328EB79B300E9C649 /* Products */ = {
			isa = PBXGroup;
			children = (
				AF7F7DA228EB79B300E9C649 /* CallkitDemo.app */,
			);
			name = Products;
			sourceTree = "<group>";
		};
		AF7F7DA428EB79B300E9C649 /* CallkitDemo */ = {
			isa = PBXGroup;
			children = (
				AA44F4FD2ACDF9BF0098F50F /* CallkitDemo.entitlements */,
				AF7F7DA528EB79B300E9C649 /* AppDelegate.h */,
				AF7F7DA628EB79B300E9C649 /* AppDelegate.m */,
				AF7F7DA828EB79B300E9C649 /* SceneDelegate.h */,
				AF7F7DA928EB79B300E9C649 /* SceneDelegate.m */,
				AF7F7DAB28EB79B300E9C649 /* ViewController.h */,
				AF7F7DAC28EB79B300E9C649 /* ViewController.m */,
				AF7F7DAE28EB79B300E9C649 /* Main.storyboard */,
				AF7F7DB128EB79B700E9C649 /* Assets.xcassets */,
				AF7F7DB328EB79B700E9C649 /* LaunchScreen.storyboard */,
				AF7F7DB628EB79B700E9C649 /* Info.plist */,
				AF7F7DB728EB79B700E9C649 /* main.m */,
			);
			path = CallkitDemo;
			sourceTree = "<group>";
		};
/* End PBXGroup section */

/* Begin PBXNativeTarget section */
		AF7F7DA128EB79B300E9C649 /* CallkitDemo */ = {
			isa = PBXNativeTarget;
			buildConfigurationList = AF7F7DBB28EB79B700E9C649 /* Build configuration list for PBXNativeTarget "CallkitDemo" */;
			buildPhases = (
				AF7F7D9E28EB79B300E9C649 /* Sources */,
				AF7F7D9F28EB79B300E9C649 /* Frameworks */,
				AF7F7DA028EB79B300E9C649 /* Resources */,
			);
			buildRules = (
			);
			dependencies = (
			);
			name = CallkitDemo;
			productName = CallkitDemo;
			productReference = AF7F7DA228EB79B300E9C649 /* CallkitDemo.app */;
			productType = "com.apple.product-type.application";
		};
/* End PBXNativeTarget section */

/* Begin PBXProject section */
		AF7F7D9A28EB79B300E9C649 /* Project object */ = {
			isa = PBXProject;
			attributes = {
				BuildIndependentTargetsInParallel = 1;
				LastUpgradeCheck = 1400;
				TargetAttributes = {
					AF7F7DA128EB79B300E9C649 = {
						CreatedOnToolsVersion = 14.0;
					};
				};
			};
			buildConfigurationList = AF7F7D9D28EB79B300E9C649 /* Build configuration list for PBXProject "CallkitDemo" */;
			compatibilityVersion = "Xcode 14.0";
			developmentRegion = en;
			hasScannedForEncodings = 0;
			knownRegions = (
				en,
				Base,
			);
			mainGroup = AF7F7D9928EB79B300E9C649;
			productRefGroup = AF7F7DA328EB79B300E9C649 /* Products */;
			projectDirPath = "";
			projectRoot = "";
			targets = (
				AF7F7DA128EB79B300E9C649 /* CallkitDemo */,
			);
		};
/* End PBXProject section */

/* Begin PBXResourcesBuildPhase section */
		AF7F7DA028EB79B300E9C649 /* Resources */ = {
			isa = PBXResourcesBuildPhase;
			buildActionMask = 2147483647;
			files = (
				AF7F7DB528EB79B700E9C649 /* LaunchScreen.storyboard in Resources */,
				AF7F7DB228EB79B700E9C649 /* Assets.xcassets in Resources */,
				AF7F7DB028EB79B300E9C649 /* Main.storyboard in Resources */,
			);
			runOnlyForDeploymentPostprocessing = 0;
		};
/* End PBXResourcesBuildPhase section */

/* Begin PBXSourcesBuildPhase section */
		AF7F7D9E28EB79B300E9C649 /* Sources */ = {
			isa = PBXSourcesBuildPhase;
			buildActionMask = 2147483647;
			files = (
				AF7F7DAD28EB79B300E9C649 /* ViewController.m in Sources */,
				AF7F7DA728EB79B300E9C649 /* AppDelegate.m in Sources */,
				AF7F7DB828EB79B700E9C649 /* main.m in Sources */,
				AF7F7DAA28EB79B300E9C649 /* SceneDelegate.m in Sources */,
			);
			runOnlyForDeploymentPostprocessing = 0;
		};
/* End PBXSourcesBuildPhase section */

/* Begin PBXVariantGroup section */
		AF7F7DAE28EB79B300E9C649 /* Main.storyboard */ = {
			isa = PBXVariantGroup;
			children = (
				AF7F7DAF28EB79B300E9C649 /* Base */,
			);
			name = Main.storyboard;
			sourceTree = "<group>";
		};
		AF7F7DB328EB79B700E9C649 /* LaunchScreen.storyboard */ = {
			isa = PBXVariantGroup;
			children = (
				AF7F7DB428EB79B700E9C649 /* Base */,
			);
			name = LaunchScreen.storyboard;
			sourceTree = "<group>";
		};
/* End PBXVariantGroup section */

/* Begin XCBuildConfiguration section */
		AF7F7DB928EB79B700E9C649 /* Debug */ = {
			isa = XCBuildConfiguration;
			buildSettings = {
				ALWAYS_SEARCH_USER_PATHS = NO;
				CLANG_ANALYZER_NONNULL = YES;
				CLANG_ANALYZER_NUMBER_OBJECT_CONVERSION = YES_AGGRESSIVE;
				CLANG_CXX_LANGUAGE_STANDARD = "gnu++20";
				CLANG_ENABLE_MODULES = YES;
				CLANG_ENABLE_OBJC_ARC = YES;
				CLANG_ENABLE_OBJC_WEAK = YES;
				CLANG_WARN_BLOCK_CAPTURE_AUTORELEASING = YES;
				CLANG_WARN_BOOL_CONVERSION = YES;
				CLANG_WARN_COMMA = YES;
				CLANG_WARN_CONSTANT_CONVERSION = YES;
				CLANG_WARN_DEPRECATED_OBJC_IMPLEMENTATIONS = YES;
				CLANG_WARN_DIRECT_OBJC_ISA_USAGE = YES_ERROR;
				CLANG_WARN_DOCUMENTATION_COMMENTS = YES;
				CLANG_WARN_EMPTY_BODY = YES;
				CLANG_WARN_ENUM_CONVERSION = YES;
				CLANG_WARN_INFINITE_RECURSION = YES;
				CLANG_WARN_INT_CONVERSION = YES;
				CLANG_WARN_NON_LITERAL_NULL_CONVERSION = YES;
				CLANG_WARN_OBJC_IMPLICIT_RETAIN_SELF = YES;
				CLANG_WARN_OBJC_LITERAL_CONVERSION = YES;
				CLANG_WARN_OBJC_ROOT_CLASS = YES_ERROR;
				CLANG_WARN_QUOTED_INCLUDE_IN_FRAMEWORK_HEADER = YES;
				CLANG_WARN_RANGE_LOOP_ANALYSIS = YES;
				CLANG_WARN_STRICT_PROTOTYPES = YES;
				CLANG_WARN_SUSPICIOUS_MOVE = YES;
				CLANG_WARN_UNGUARDED_AVAILABILITY = YES_AGGRESSIVE;
				CLANG_WARN_UNREACHABLE_CODE = YES;
				CLANG_WARN__DUPLICATE_METHOD_MATCH = YES;
				COPY_PHASE_STRIP = NO;
				DEBUG_INFORMATION_FORMAT = dwarf;
				ENABLE_STRICT_OBJC_MSGSEND = YES;
				ENABLE_TESTABILITY = YES;
				GCC_C_LANGUAGE_STANDARD = gnu11;
				GCC_DYNAMIC_NO_PIC = NO;
				GCC_NO_COMMON_BLOCKS = YES;
				GCC_OPTIMIZATION_LEVEL = 0;
				GCC_PREPROCESSOR_DEFINITIONS = (
					"DEBUG=1",
					"$(inherited)",
				);
				GCC_WARN_64_TO_32_BIT_CONVERSION = YES;
				GCC_WARN_ABOUT_RETURN_TYPE = YES_ERROR;
				GCC_WARN_UNDECLARED_SELECTOR = YES;
				GCC_WARN_UNINITIALIZED_AUTOS = YES_AGGRESSIVE;
				GCC_WARN_UNUSED_FUNCTION = YES;
				GCC_WARN_UNUSED_VARIABLE = YES;
				IPHONEOS_DEPLOYMENT_TARGET = 16.0;
				MTL_ENABLE_DEBUG_INFO = INCLUDE_SOURCE;
				MTL_FAST_MATH = YES;
				ONLY_ACTIVE_ARCH = YES;
				SDKROOT = iphoneos;
			};
			name = Debug;
		};
		AF7F7DBA28EB79B700E9C649 /* Release */ = {
			isa = XCBuildConfiguration;
			buildSettings = {
				ALWAYS_SEARCH_USER_PATHS = NO;
				CLANG_ANALYZER_NONNULL = YES;
				CLANG_ANALYZER_NUMBER_OBJECT_CONVERSION = YES_AGGRESSIVE;
				CLANG_CXX_LANGUAGE_STANDARD = "gnu++20";
				CLANG_ENABLE_MODULES = YES;
				CLANG_ENABLE_OBJC_ARC = YES;
				CLANG_ENABLE_OBJC_WEAK = YES;
				CLANG_WARN_BLOCK_CAPTURE_AUTORELEASING = YES;
				CLANG_WARN_BOOL_CONVERSION = YES;
				CLANG_WARN_COMMA = YES;
				CLANG_WARN_CONSTANT_CONVERSION = YES;
				CLANG_WARN_DEPRECATED_OBJC_IMPLEMENTATIONS = YES;
				CLANG_WARN_DIRECT_OBJC_ISA_USAGE = YES_ERROR;
				CLANG_WARN_DOCUMENTATION_COMMENTS = YES;
				CLANG_WARN_EMPTY_BODY = YES;
				CLANG_WARN_ENUM_CONVERSION = YES;
				CLANG_WARN_INFINITE_RECURSION = YES;
				CLANG_WARN_INT_CONVERSION = YES;
				CLANG_WARN_NON_LITERAL_NULL_CONVERSION = YES;
				CLANG_WARN_OBJC_IMPLICIT_RETAIN_SELF = YES;
				CLANG_WARN_OBJC_LITERAL_CONVERSION = YES;
				CLANG_WARN_OBJC_ROOT_CLASS = YES_ERROR;
				CLANG_WARN_QUOTED_INCLUDE_IN_FRAMEWORK_HEADER = YES;
				CLANG_WARN_RANGE_LOOP_ANALYSIS = YES;
				CLANG_WARN_STRICT_PROTOTYPES = YES;
				CLANG_WARN_SUSPICIOUS_MOVE = YES;
				CLANG_WARN_UNGUARDED_AVAILABILITY = YES_AGGRESSIVE;
				CLANG_WARN_UNREACHABLE_CODE = YES;
				CLANG_WARN__DUPLICATE_METHOD_MATCH = YES;
				COPY_PHASE_STRIP = NO;
				DEBUG_INFORMATION_FORMAT = "dwarf-with-dsym";
				ENABLE_NS_ASSERTIONS = NO;
				ENABLE_STRICT_OBJC_MSGSEND = YES;
				GCC_C_LANGUAGE_STANDARD = gnu11;
				GCC_NO_COMMON_BLOCKS = YES;
				GCC_WARN_64_TO_32_BIT_CONVERSION = YES;
				GCC_WARN_ABOUT_RETURN_TYPE = YES_ERROR;
				GCC_WARN_UNDECLARED_SELECTOR = YES;
				GCC_WARN_UNINITIALIZED_AUTOS = YES_AGGRESSIVE;
				GCC_WARN_UNUSED_FUNCTION = YES;
				GCC_WARN_UNUSED_VARIABLE = YES;
				IPHONEOS_DEPLOYMENT_TARGET = 16.0;
				MTL_ENABLE_DEBUG_INFO = NO;
				MTL_FAST_MATH = YES;
				SDKROOT = iphoneos;
				VALIDATE_PRODUCT = YES;
			};
			name = Release;
		};
		AF7F7DBC28EB79B700E9C649 /* Debug */ = {
			isa = XCBuildConfiguration;
			buildSettings = {
				ASSETCATALOG_COMPILER_APPICON_NAME = AppIcon;
				ASSETCATALOG_COMPILER_GLOBAL_ACCENT_COLOR_NAME = AccentColor;
				CODE_SIGN_ENTITLEMENTS = CallkitDemo/CallkitDemo.entitlements;
				CODE_SIGN_STYLE = Automatic;
				CURRENT_PROJECT_VERSION = 1;
				DEVELOPMENT_TEAM = AF94RZR4C3;
				GENERATE_INFOPLIST_FILE = YES;
				INFOPLIST_FILE = CallkitDemo/Info.plist;
				INFOPLIST_KEY_CFBundleDisplayName = CallKit;
				INFOPLIST_KEY_UIApplicationSupportsIndirectInputEvents = YES;
				INFOPLIST_KEY_UILaunchStoryboardName = LaunchScreen;
				INFOPLIST_KEY_UIMainStoryboardFile = Main;
				INFOPLIST_KEY_UISupportedInterfaceOrientations = UIInterfaceOrientationPortrait;
				LD_RUNPATH_SEARCH_PATHS = (
					"$(inherited)",
					"@executable_path/Frameworks",
				);
				MARKETING_VERSION = 1.0;
				PRODUCT_BUNDLE_IDENTIFIER = com.bz.CallkitDemo;
				PRODUCT_NAME = "$(TARGET_NAME)";
				SUPPORTED_PLATFORMS = "iphoneos iphonesimulator";
				SUPPORTS_MACCATALYST = NO;
				SUPPORTS_MAC_DESIGNED_FOR_IPHONE_IPAD = NO;
				SWIFT_EMIT_LOC_STRINGS = YES;
				TARGETED_DEVICE_FAMILY = 1;
			};
			name = Debug;
		};
		AF7F7DBD28EB79B700E9C649 /* Release */ = {
			isa = XCBuildConfiguration;
			buildSettings = {
				ASSETCATALOG_COMPILER_APPICON_NAME = AppIcon;
				ASSETCATALOG_COMPILER_GLOBAL_ACCENT_COLOR_NAME = AccentColor;
				CODE_SIGN_ENTITLEMENTS = CallkitDemo/CallkitDemo.entitlements;
				CODE_SIGN_STYLE = Automatic;
				CURRENT_PROJECT_VERSION = 1;
				DEVELOPMENT_TEAM = AF94RZR4C3;
				GENERATE_INFOPLIST_FILE = YES;
				INFOPLIST_FILE = CallkitDemo/Info.plist;
				INFOPLIST_KEY_CFBundleDisplayName = CallKit;
				INFOPLIST_KEY_UIApplicationSupportsIndirectInputEvents = YES;
				INFOPLIST_KEY_UILaunchStoryboardName = LaunchScreen;
				INFOPLIST_KEY_UIMainStoryboardFile = Main;
				INFOPLIST_KEY_UISupportedInterfaceOrientations = UIInterfaceOrientationPortrait;
				LD_RUNPATH_SEARCH_PATHS = (
					"$(inherited)",
					"@executable_path/Frameworks",
				);
				MARKETING_VERSION = 1.0;
				PRODUCT_BUNDLE_IDENTIFIER = com.bz.CallkitDemo;
				PRODUCT_NAME = "$(TARGET_NAME)";
				SUPPORTED_PLATFORMS = "iphoneos iphonesimulator";
				SUPPORTS_MACCATALYST = NO;
				SUPPORTS_MAC_DESIGNED_FOR_IPHONE_IPAD = NO;
				SWIFT_EMIT_LOC_STRINGS = YES;
				TARGETED_DEVICE_FAMILY = 1;
			};
			name = Release;
		};
/* End XCBuildConfiguration section */

/* Begin XCConfigurationList section */
		AF7F7D9D28EB79B300E9C649 /* Build configuration list for PBXProject "CallkitDemo" */ = {
			isa = XCConfigurationList;
			buildConfigurations = (
				AF7F7DB928EB79B700E9C649 /* Debug */,
				AF7F7DBA28EB79B700E9C649 /* Release */,
			);
			defaultConfigurationIsVisible = 0;
			defaultConfigurationName = Release;
		};
		AF7F7DBB28EB79B700E9C649 /* Build configuration list for PBXNativeTarget "CallkitDemo" */ = {
			isa = XCConfigurationList;
			buildConfigurations = (
				AF7F7DBC28EB79B700E9C649 /* Debug */,
				AF7F7DBD28EB79B700E9C649 /* Release */,
			);
			defaultConfigurationIsVisible = 0;
			defaultConfigurationName = Release;
		};
/* End XCConfigurationList section */
	};
	rootObject = AF7F7D9A28EB79B300E9C649 /* Project object */;
}
